
Microsoft Visual Studio Solution File, Format Version 12.00
# Visual Studio 15
VisualStudioVersion = 15.0.26124.0
MinimumVisualStudioVersion = 15.0.26124.0
Project("{2150E333-8FDC-42A3-9474-1A3956D46DE8}") = "src", "src", "{99F4C76F-C232-4458-91DB-884DA1C5188B}"
EndProject
Project("{FAE04EC0-301F-11D3-BF4B-00C04F79EFBC}") = "FacultyDirectory", "src\FacultyDirectory\FacultyDirectory.csproj", "{F625072C-A44D-4BC2-9DA7-288110E845E3}"
EndProject
Project("{FAE04EC0-301F-11D3-BF4B-00C04F79EFBC}") = "FacultyDirectory.Core", "src\FacultyDirectory.Core\FacultyDirectory.Core.csproj", "{E2DF8E21-E700-42BD-8097-EA79510C5EAF}"
EndProject
Project("{FAE04EC0-301F-11D3-BF4B-00C04F79EFBC}") = "FacultyDirectory.Jobs.ImportFaculty", "src\FacultyDirectory.Jobs.ImportFaculty\FacultyDirectory.Jobs.ImportFaculty.csproj", "{2A83C0D5-F7FD-4130-9C75-AF0F7EFD41A8}"
EndProject
Project("{FAE04EC0-301F-11D3-BF4B-00C04F79EFBC}") = "FacultyDirectory.Jobs.Core", "src\FacultyDirectory.Jobs.Core\FacultyDirectory.Jobs.Core.csproj", "{3351702A-15E7-42FF-9B42-04A53DBFC12D}"
EndProject
Project("{FAE04EC0-301F-11D3-BF4B-00C04F79EFBC}") = "FacultyDirectory.Jobs.ProcessSources", "src\FacultyDirectory.Jobs.ProcessSources\FacultyDirectory.Jobs.ProcessSources.csproj", "{00FBE8A7-27DF-4D64-B5B2-20BDAAB2ABFF}"
EndProject
Project("{FAE04EC0-301F-11D3-BF4B-00C04F79EFBC}") = "FacultyDirectory.Jobs.SyncSites", "src\FacultyDirectory.Jobs.SyncSites\FacultyDirectory.Jobs.SyncSites.csproj", "{5D8A6D16-CDEE-461E-AC3C-C319F09859BA}"
EndProject
Global
	GlobalSection(SolutionConfigurationPlatforms) = preSolution
		Debug|Any CPU = Debug|Any CPU
		Debug|x64 = Debug|x64
		Debug|x86 = Debug|x86
		Release|Any CPU = Release|Any CPU
		Release|x64 = Release|x64
		Release|x86 = Release|x86
	EndGlobalSection
	GlobalSection(SolutionProperties) = preSolution
		HideSolutionNode = FALSE
	EndGlobalSection
	GlobalSection(ProjectConfigurationPlatforms) = postSolution
		{F625072C-A44D-4BC2-9DA7-288110E845E3}.Debug|Any CPU.ActiveCfg = Debug|Any CPU
		{F625072C-A44D-4BC2-9DA7-288110E845E3}.Debug|Any CPU.Build.0 = Debug|Any CPU
		{F625072C-A44D-4BC2-9DA7-288110E845E3}.Debug|x64.ActiveCfg = Debug|Any CPU
		{F625072C-A44D-4BC2-9DA7-288110E845E3}.Debug|x64.Build.0 = Debug|Any CPU
		{F625072C-A44D-4BC2-9DA7-288110E845E3}.Debug|x86.ActiveCfg = Debug|Any CPU
		{F625072C-A44D-4BC2-9DA7-288110E845E3}.Debug|x86.Build.0 = Debug|Any CPU
		{F625072C-A44D-4BC2-9DA7-288110E845E3}.Release|Any CPU.ActiveCfg = Release|Any CPU
		{F625072C-A44D-4BC2-9DA7-288110E845E3}.Release|Any CPU.Build.0 = Release|Any CPU
		{F625072C-A44D-4BC2-9DA7-288110E845E3}.Release|x64.ActiveCfg = Release|Any CPU
		{F625072C-A44D-4BC2-9DA7-288110E845E3}.Release|x64.Build.0 = Release|Any CPU
		{F625072C-A44D-4BC2-9DA7-288110E845E3}.Release|x86.ActiveCfg = Release|Any CPU
		{F625072C-A44D-4BC2-9DA7-288110E845E3}.Release|x86.Build.0 = Release|Any CPU
		{E2DF8E21-E700-42BD-8097-EA79510C5EAF}.Debug|Any CPU.ActiveCfg = Debug|Any CPU
		{E2DF8E21-E700-42BD-8097-EA79510C5EAF}.Debug|Any CPU.Build.0 = Debug|Any CPU
		{E2DF8E21-E700-42BD-8097-EA79510C5EAF}.Debug|x64.ActiveCfg = Debug|Any CPU
		{E2DF8E21-E700-42BD-8097-EA79510C5EAF}.Debug|x64.Build.0 = Debug|Any CPU
		{E2DF8E21-E700-42BD-8097-EA79510C5EAF}.Debug|x86.ActiveCfg = Debug|Any CPU
		{E2DF8E21-E700-42BD-8097-EA79510C5EAF}.Debug|x86.Build.0 = Debug|Any CPU
		{E2DF8E21-E700-42BD-8097-EA79510C5EAF}.Release|Any CPU.ActiveCfg = Release|Any CPU
		{E2DF8E21-E700-42BD-8097-EA79510C5EAF}.Release|Any CPU.Build.0 = Release|Any CPU
		{E2DF8E21-E700-42BD-8097-EA79510C5EAF}.Release|x64.ActiveCfg = Release|Any CPU
		{E2DF8E21-E700-42BD-8097-EA79510C5EAF}.Release|x64.Build.0 = Release|Any CPU
		{E2DF8E21-E700-42BD-8097-EA79510C5EAF}.Release|x86.ActiveCfg = Release|Any CPU
		{E2DF8E21-E700-42BD-8097-EA79510C5EAF}.Release|x86.Build.0 = Release|Any CPU
		{2A83C0D5-F7FD-4130-9C75-AF0F7EFD41A8}.Debug|Any CPU.ActiveCfg = Debug|Any CPU
		{2A83C0D5-F7FD-4130-9C75-AF0F7EFD41A8}.Debug|Any CPU.Build.0 = Debug|Any CPU
		{2A83C0D5-F7FD-4130-9C75-AF0F7EFD41A8}.Debug|x64.ActiveCfg = Debug|Any CPU
		{2A83C0D5-F7FD-4130-9C75-AF0F7EFD41A8}.Debug|x64.Build.0 = Debug|Any CPU
		{2A83C0D5-F7FD-4130-9C75-AF0F7EFD41A8}.Debug|x86.ActiveCfg = Debug|Any CPU
		{2A83C0D5-F7FD-4130-9C75-AF0F7EFD41A8}.Debug|x86.Build.0 = Debug|Any CPU
		{2A83C0D5-F7FD-4130-9C75-AF0F7EFD41A8}.Release|Any CPU.ActiveCfg = Release|Any CPU
		{2A83C0D5-F7FD-4130-9C75-AF0F7EFD41A8}.Release|Any CPU.Build.0 = Release|Any CPU
		{2A83C0D5-F7FD-4130-9C75-AF0F7EFD41A8}.Release|x64.ActiveCfg = Release|Any CPU
		{2A83C0D5-F7FD-4130-9C75-AF0F7EFD41A8}.Release|x64.Build.0 = Release|Any CPU
		{2A83C0D5-F7FD-4130-9C75-AF0F7EFD41A8}.Release|x86.ActiveCfg = Release|Any CPU
		{2A83C0D5-F7FD-4130-9C75-AF0F7EFD41A8}.Release|x86.Build.0 = Release|Any CPU
		{3351702A-15E7-42FF-9B42-04A53DBFC12D}.Debug|Any CPU.ActiveCfg = Debug|Any CPU
		{3351702A-15E7-42FF-9B42-04A53DBFC12D}.Debug|Any CPU.Build.0 = Debug|Any CPU
		{3351702A-15E7-42FF-9B42-04A53DBFC12D}.Debug|x64.ActiveCfg = Debug|Any CPU
		{3351702A-15E7-42FF-9B42-04A53DBFC12D}.Debug|x64.Build.0 = Debug|Any CPU
		{3351702A-15E7-42FF-9B42-04A53DBFC12D}.Debug|x86.ActiveCfg = Debug|Any CPU
		{3351702A-15E7-42FF-9B42-04A53DBFC12D}.Debug|x86.Build.0 = Debug|Any CPU
		{3351702A-15E7-42FF-9B42-04A53DBFC12D}.Release|Any CPU.ActiveCfg = Release|Any CPU
		{3351702A-15E7-42FF-9B42-04A53DBFC12D}.Release|Any CPU.Build.0 = Release|Any CPU
		{3351702A-15E7-42FF-9B42-04A53DBFC12D}.Release|x64.ActiveCfg = Release|Any CPU
		{3351702A-15E7-42FF-9B42-04A53DBFC12D}.Release|x64.Build.0 = Release|Any CPU
		{3351702A-15E7-42FF-9B42-04A53DBFC12D}.Release|x86.ActiveCfg = Release|Any CPU
		{3351702A-15E7-42FF-9B42-04A53DBFC12D}.Release|x86.Build.0 = Release|Any CPU
		{00FBE8A7-27DF-4D64-B5B2-20BDAAB2ABFF}.Debug|Any CPU.ActiveCfg = Debug|Any CPU
		{00FBE8A7-27DF-4D64-B5B2-20BDAAB2ABFF}.Debug|Any CPU.Build.0 = Debug|Any CPU
		{00FBE8A7-27DF-4D64-B5B2-20BDAAB2ABFF}.Debug|x64.ActiveCfg = Debug|Any CPU
		{00FBE8A7-27DF-4D64-B5B2-20BDAAB2ABFF}.Debug|x64.Build.0 = Debug|Any CPU
		{00FBE8A7-27DF-4D64-B5B2-20BDAAB2ABFF}.Debug|x86.ActiveCfg = Debug|Any CPU
		{00FBE8A7-27DF-4D64-B5B2-20BDAAB2ABFF}.Debug|x86.Build.0 = Debug|Any CPU
		{00FBE8A7-27DF-4D64-B5B2-20BDAAB2ABFF}.Release|Any CPU.ActiveCfg = Release|Any CPU
		{00FBE8A7-27DF-4D64-B5B2-20BDAAB2ABFF}.Release|Any CPU.Build.0 = Release|Any CPU
		{00FBE8A7-27DF-4D64-B5B2-20BDAAB2ABFF}.Release|x64.ActiveCfg = Release|Any CPU
		{00FBE8A7-27DF-4D64-B5B2-20BDAAB2ABFF}.Release|x64.Build.0 = Release|Any CPU
		{00FBE8A7-27DF-4D64-B5B2-20BDAAB2ABFF}.Release|x86.ActiveCfg = Release|Any CPU
		{00FBE8A7-27DF-4D64-B5B2-20BDAAB2ABFF}.Release|x86.Build.0 = Release|Any CPU
		{5D8A6D16-CDEE-461E-AC3C-C319F09859BA}.Debug|Any CPU.ActiveCfg = Debug|Any CPU
		{5D8A6D16-CDEE-461E-AC3C-C319F09859BA}.Debug|Any CPU.Build.0 = Debug|Any CPU
		{5D8A6D16-CDEE-461E-AC3C-C319F09859BA}.Debug|x64.ActiveCfg = Debug|Any CPU
		{5D8A6D16-CDEE-461E-AC3C-C319F09859BA}.Debug|x64.Build.0 = Debug|Any CPU
		{5D8A6D16-CDEE-461E-AC3C-C319F09859BA}.Debug|x86.ActiveCfg = Debug|Any CPU
		{5D8A6D16-CDEE-461E-AC3C-C319F09859BA}.Debug|x86.Build.0 = Debug|Any CPU
		{5D8A6D16-CDEE-461E-AC3C-C319F09859BA}.Release|Any CPU.ActiveCfg = Release|Any CPU
		{5D8A6D16-CDEE-461E-AC3C-C319F09859BA}.Release|Any CPU.Build.0 = Release|Any CPU
		{5D8A6D16-CDEE-461E-AC3C-C319F09859BA}.Release|x64.ActiveCfg = Release|Any CPU
		{5D8A6D16-CDEE-461E-AC3C-C319F09859BA}.Release|x64.Build.0 = Release|Any CPU
		{5D8A6D16-CDEE-461E-AC3C-C319F09859BA}.Release|x86.ActiveCfg = Release|Any CPU
		{5D8A6D16-CDEE-461E-AC3C-C319F09859BA}.Release|x86.Build.0 = Release|Any CPU
	EndGlobalSection
	GlobalSection(NestedProjects) = preSolution
		{F625072C-A44D-4BC2-9DA7-288110E845E3} = {99F4C76F-C232-4458-91DB-884DA1C5188B}
		{E2DF8E21-E700-42BD-8097-EA79510C5EAF} = {99F4C76F-C232-4458-91DB-884DA1C5188B}
		{2A83C0D5-F7FD-4130-9C75-AF0F7EFD41A8} = {99F4C76F-C232-4458-91DB-884DA1C5188B}
		{3351702A-15E7-42FF-9B42-04A53DBFC12D} = {99F4C76F-C232-4458-91DB-884DA1C5188B}
		{00FBE8A7-27DF-4D64-B5B2-20BDAAB2ABFF} = {99F4C76F-C232-4458-91DB-884DA1C5188B}
		{5D8A6D16-CDEE-461E-AC3C-C319F09859BA} = {99F4C76F-C232-4458-91DB-884DA1C5188B}
	EndGlobalSection
EndGlobal
