
Microsoft Visual Studio Solution File, Format Version 12.00
# Visual Studio 15
VisualStudioVersion = 15.0.26124.0
MinimumVisualStudioVersion = 15.0.26124.0
Project("{2150E333-8FDC-42A3-9474-1A3956D46DE8}") = "src", "src", "{99F4C76F-C232-4458-91DB-884DA1C5188B}"
EndProject
Project("{FAE04EC0-301F-11D3-BF4B-00C04F79EFBC}") = "FacultyDirectory", "src\FacultyDirectory\FacultyDirectory.csproj", "{F625072C-A44D-4BC2-9DA7-288110E845E3}"
EndProject
Project("{FAE04EC0-301F-11D3-BF4B-00C04F79EFBC}") = "FacultyDirectory.Core", "src\FacultyDirectory.Core\FacultyDirectory.Core.csproj", "{E2DF8E21-E700-42BD-8097-EA79510C5EAF}"
EndProject
Global
	GlobalSection(SolutionConfigurationPlatforms) = preSolution
		Debug|Any CPU = Debug|Any CPU
		Debug|x64 = Debug|x64
		Debug|x86 = Debug|x86
		Release|Any CPU = Release|Any CPU
		Release|x64 = Release|x64
		Release|x86 = Release|x86
	EndGlobalSection
	GlobalSection(SolutionProperties) = preSolution
		HideSolutionNode = FALSE
	EndGlobalSection
	GlobalSection(ProjectConfigurationPlatforms) = postSolution
		{F625072C-A44D-4BC2-9DA7-288110E845E3}.Debug|Any CPU.ActiveCfg = Debug|Any CPU
		{F625072C-A44D-4BC2-9DA7-288110E845E3}.Debug|Any CPU.Build.0 = Debug|Any CPU
		{F625072C-A44D-4BC2-9DA7-288110E845E3}.Debug|x64.ActiveCfg = Debug|Any CPU
		{F625072C-A44D-4BC2-9DA7-288110E845E3}.Debug|x64.Build.0 = Debug|Any CPU
		{F625072C-A44D-4BC2-9DA7-288110E845E3}.Debug|x86.ActiveCfg = Debug|Any CPU
		{F625072C-A44D-4BC2-9DA7-288110E845E3}.Debug|x86.Build.0 = Debug|Any CPU
		{F625072C-A44D-4BC2-9DA7-288110E845E3}.Release|Any CPU.ActiveCfg = Release|Any CPU
		{F625072C-A44D-4BC2-9DA7-288110E845E3}.Release|Any CPU.Build.0 = Release|Any CPU
		{F625072C-A44D-4BC2-9DA7-288110E845E3}.Release|x64.ActiveCfg = Release|Any CPU
		{F625072C-A44D-4BC2-9DA7-288110E845E3}.Release|x64.Build.0 = Release|Any CPU
		{F625072C-A44D-4BC2-9DA7-288110E845E3}.Release|x86.ActiveCfg = Release|Any CPU
		{F625072C-A44D-4BC2-9DA7-288110E845E3}.Release|x86.Build.0 = Release|Any CPU
		{E2DF8E21-E700-42BD-8097-EA79510C5EAF}.Debug|Any CPU.ActiveCfg = Debug|Any CPU
		{E2DF8E21-E700-42BD-8097-EA79510C5EAF}.Debug|Any CPU.Build.0 = Debug|Any CPU
		{E2DF8E21-E700-42BD-8097-EA79510C5EAF}.Debug|x64.ActiveCfg = Debug|Any CPU
		{E2DF8E21-E700-42BD-8097-EA79510C5EAF}.Debug|x64.Build.0 = Debug|Any CPU
		{E2DF8E21-E700-42BD-8097-EA79510C5EAF}.Debug|x86.ActiveCfg = Debug|Any CPU
		{E2DF8E21-E700-42BD-8097-EA79510C5EAF}.Debug|x86.Build.0 = Debug|Any CPU
		{E2DF8E21-E700-42BD-8097-EA79510C5EAF}.Release|Any CPU.ActiveCfg = Release|Any CPU
		{E2DF8E21-E700-42BD-8097-EA79510C5EAF}.Release|Any CPU.Build.0 = Release|Any CPU
		{E2DF8E21-E700-42BD-8097-EA79510C5EAF}.Release|x64.ActiveCfg = Release|Any CPU
		{E2DF8E21-E700-42BD-8097-EA79510C5EAF}.Release|x64.Build.0 = Release|Any CPU
		{E2DF8E21-E700-42BD-8097-EA79510C5EAF}.Release|x86.ActiveCfg = Release|Any CPU
		{E2DF8E21-E700-42BD-8097-EA79510C5EAF}.Release|x86.Build.0 = Release|Any CPU
	EndGlobalSection
	GlobalSection(NestedProjects) = preSolution
		{F625072C-A44D-4BC2-9DA7-288110E845E3} = {99F4C76F-C232-4458-91DB-884DA1C5188B}
		{E2DF8E21-E700-42BD-8097-EA79510C5EAF} = {99F4C76F-C232-4458-91DB-884DA1C5188B}
	EndGlobalSection
EndGlobal
